// !$*UTF8*$!
{
	archiveVersion = 1;
	classes = {
	};
	objectVersion = 50;
	objects = {

/* Begin PBXBuildFile section */
		84079069239A360C003EBB50 /* data.json in Resources */ = {isa = PBXBuildFile; fileRef = 84079068239A360C003EBB50 /* data.json */; };
		8407906B239A37E2003EBB50 /* playlist.swift in Sources */ = {isa = PBXBuildFile; fileRef = 8407906A239A37E2003EBB50 /* playlist.swift */; };
		8407906D239A392C003EBB50 /* Section.swift in Sources */ = {isa = PBXBuildFile; fileRef = 8407906C239A392C003EBB50 /* Section.swift */; };
		8426481B236BADFA00324CB9 /* AppDelegate.swift in Sources */ = {isa = PBXBuildFile; fileRef = 8426481A236BADFA00324CB9 /* AppDelegate.swift */; };
		8426481D236BADFA00324CB9 /* ViewController.swift in Sources */ = {isa = PBXBuildFile; fileRef = 8426481C236BADFA00324CB9 /* ViewController.swift */; };
		84264820236BADFA00324CB9 /* Main.storyboard in Resources */ = {isa = PBXBuildFile; fileRef = 8426481E236BADFA00324CB9 /* Main.storyboard */; };
		84264822236BADFD00324CB9 /* Assets.xcassets in Resources */ = {isa = PBXBuildFile; fileRef = 84264821236BADFD00324CB9 /* Assets.xcassets */; };
		84264825236BADFD00324CB9 /* LaunchScreen.storyboard in Resources */ = {isa = PBXBuildFile; fileRef = 84264823236BADFD00324CB9 /* LaunchScreen.storyboard */; };
		84264830236BADFD00324CB9 /* spotifyAutoLayoutTests.swift in Sources */ = {isa = PBXBuildFile; fileRef = 8426482F236BADFD00324CB9 /* spotifyAutoLayoutTests.swift */; };
		8426483B236BADFD00324CB9 /* spotifyAutoLayoutUITests.swift in Sources */ = {isa = PBXBuildFile; fileRef = 8426483A236BADFD00324CB9 /* spotifyAutoLayoutUITests.swift */; };
		84264849236BE36E00324CB9 /* CustomCell.swift in Sources */ = {isa = PBXBuildFile; fileRef = 84264848236BE36E00324CB9 /* CustomCell.swift */; };
		84B37EB123963112002F20B3 /* SubCustomCell.swift in Sources */ = {isa = PBXBuildFile; fileRef = 84B37EB023963112002F20B3 /* SubCustomCell.swift */; };
/* End PBXBuildFile section */

/* Begin PBXContainerItemProxy section */
		8426482C236BADFD00324CB9 /* PBXContainerItemProxy */ = {
			isa = PBXContainerItemProxy;
			containerPortal = 8426480F236BADFA00324CB9 /* Project object */;
			proxyType = 1;
			remoteGlobalIDString = 84264816236BADFA00324CB9;
			remoteInfo = spotifyAutoLayout;
		};
		84264837236BADFD00324CB9 /* PBXContainerItemProxy */ = {
			isa = PBXContainerItemProxy;
			containerPortal = 8426480F236BADFA00324CB9 /* Project object */;
			proxyType = 1;
			remoteGlobalIDString = 84264816236BADFA00324CB9;
			remoteInfo = spotifyAutoLayout;
		};
/* End PBXContainerItemProxy section */

/* Begin PBXFileReference section */
		84079068239A360C003EBB50 /* data.json */ = {isa = PBXFileReference; fileEncoding = 4; lastKnownFileType = text.json; path = data.json; sourceTree = "<group>"; };
		8407906A239A37E2003EBB50 /* playlist.swift */ = {isa = PBXFileReference; lastKnownFileType = sourcecode.swift; path = playlist.swift; sourceTree = "<group>"; };
		8407906C239A392C003EBB50 /* Section.swift */ = {isa = PBXFileReference; lastKnownFileType = sourcecode.swift; path = Section.swift; sourceTree = "<group>"; };
		84264817236BADFA00324CB9 /* spotifyAutoLayout.app */ = {isa = PBXFileReference; explicitFileType = wrapper.application; includeInIndex = 0; path = spotifyAutoLayout.app; sourceTree = BUILT_PRODUCTS_DIR; };
		8426481A236BADFA00324CB9 /* AppDelegate.swift */ = {isa = PBXFileReference; lastKnownFileType = sourcecode.swift; path = AppDelegate.swift; sourceTree = "<group>"; };
		8426481C236BADFA00324CB9 /* ViewController.swift */ = {isa = PBXFileReference; lastKnownFileType = sourcecode.swift; path = ViewController.swift; sourceTree = "<group>"; };
		8426481F236BADFA00324CB9 /* Base */ = {isa = PBXFileReference; lastKnownFileType = file.storyboard; name = Base; path = Base.lproj/Main.storyboard; sourceTree = "<group>"; };
		84264821236BADFD00324CB9 /* Assets.xcassets */ = {isa = PBXFileReference; lastKnownFileType = folder.assetcatalog; path = Assets.xcassets; sourceTree = "<group>"; };
		84264824236BADFD00324CB9 /* Base */ = {isa = PBXFileReference; lastKnownFileType = file.storyboard; name = Base; path = Base.lproj/LaunchScreen.storyboard; sourceTree = "<group>"; };
		84264826236BADFD00324CB9 /* Info.plist */ = {isa = PBXFileReference; lastKnownFileType = text.plist.xml; path = Info.plist; sourceTree = "<group>"; };
		8426482B236BADFD00324CB9 /* spotifyAutoLayoutTests.xctest */ = {isa = PBXFileReference; explicitFileType = wrapper.cfbundle; includeInIndex = 0; path = spotifyAutoLayoutTests.xctest; sourceTree = BUILT_PRODUCTS_DIR; };
		8426482F236BADFD00324CB9 /* spotifyAutoLayoutTests.swift */ = {isa = PBXFileReference; lastKnownFileType = sourcecode.swift; path = spotifyAutoLayoutTests.swift; sourceTree = "<group>"; };
		84264831236BADFD00324CB9 /* Info.plist */ = {isa = PBXFileReference; lastKnownFileType = text.plist.xml; path = Info.plist; sourceTree = "<group>"; };
		84264836236BADFD00324CB9 /* spotifyAutoLayoutUITests.xctest */ = {isa = PBXFileReference; explicitFileType = wrapper.cfbundle; includeInIndex = 0; path = spotifyAutoLayoutUITests.xctest; sourceTree = BUILT_PRODUCTS_DIR; };
		8426483A236BADFD00324CB9 /* spotifyAutoLayoutUITests.swift */ = {isa = PBXFileReference; lastKnownFileType = sourcecode.swift; path = spotifyAutoLayoutUITests.swift; sourceTree = "<group>"; };
		8426483C236BADFD00324CB9 /* Info.plist */ = {isa = PBXFileReference; lastKnownFileType = text.plist.xml; path = Info.plist; sourceTree = "<group>"; };
		84264848236BE36E00324CB9 /* CustomCell.swift */ = {isa = PBXFileReference; lastKnownFileType = sourcecode.swift; path = CustomCell.swift; sourceTree = "<group>"; };
		84B37EB023963112002F20B3 /* SubCustomCell.swift */ = {isa = PBXFileReference; lastKnownFileType = sourcecode.swift; path = SubCustomCell.swift; sourceTree = "<group>"; };
/* End PBXFileReference section */

/* Begin PBXFrameworksBuildPhase section */
		84264814236BADFA00324CB9 /* Frameworks */ = {
			isa = PBXFrameworksBuildPhase;
			buildActionMask = 2147483647;
			files = (
			);
			runOnlyForDeploymentPostprocessing = 0;
		};
		84264828236BADFD00324CB9 /* Frameworks */ = {
			isa = PBXFrameworksBuildPhase;
			buildActionMask = 2147483647;
			files = (
			);
			runOnlyForDeploymentPostprocessing = 0;
		};
		84264833236BADFD00324CB9 /* Frameworks */ = {
			isa = PBXFrameworksBuildPhase;
			buildActionMask = 2147483647;
			files = (
			);
			runOnlyForDeploymentPostprocessing = 0;
		};
/* End PBXFrameworksBuildPhase section */

/* Begin PBXGroup section */
		8426480E236BADFA00324CB9 = {
			isa = PBXGroup;
			children = (
				84264819236BADFA00324CB9 /* spotifyAutoLayout */,
				8426482E236BADFD00324CB9 /* spotifyAutoLayoutTests */,
				84264839236BADFD00324CB9 /* spotifyAutoLayoutUITests */,
				84264818236BADFA00324CB9 /* Products */,
			);
			sourceTree = "<group>";
		};
		84264818236BADFA00324CB9 /* Products */ = {
			isa = PBXGroup;
			children = (
				84264817236BADFA00324CB9 /* spotifyAutoLayout.app */,
				8426482B236BADFD00324CB9 /* spotifyAutoLayoutTests.xctest */,
				84264836236BADFD00324CB9 /* spotifyAutoLayoutUITests.xctest */,
			);
			name = Products;
			sourceTree = "<group>";
		};
		84264819236BADFA00324CB9 /* spotifyAutoLayout */ = {
			isa = PBXGroup;
			children = (
				84079068239A360C003EBB50 /* data.json */,
				8426481A236BADFA00324CB9 /* AppDelegate.swift */,
				8426481C236BADFA00324CB9 /* ViewController.swift */,
				8426481E236BADFA00324CB9 /* Main.storyboard */,
				84264821236BADFD00324CB9 /* Assets.xcassets */,
				84264823236BADFD00324CB9 /* LaunchScreen.storyboard */,
				84264826236BADFD00324CB9 /* Info.plist */,
				84264848236BE36E00324CB9 /* CustomCell.swift */,
				84B37EB023963112002F20B3 /* SubCustomCell.swift */,
				8407906A239A37E2003EBB50 /* playlist.swift */,
				8407906C239A392C003EBB50 /* Section.swift */,
			);
			path = spotifyAutoLayout;
			sourceTree = "<group>";
		};
		8426482E236BADFD00324CB9 /* spotifyAutoLayoutTests */ = {
			isa = PBXGroup;
			children = (
				8426482F236BADFD00324CB9 /* spotifyAutoLayoutTests.swift */,
				84264831236BADFD00324CB9 /* Info.plist */,
			);
			path = spotifyAutoLayoutTests;
			sourceTree = "<group>";
		};
		84264839236BADFD00324CB9 /* spotifyAutoLayoutUITests */ = {
			isa = PBXGroup;
			children = (
				8426483A236BADFD00324CB9 /* spotifyAutoLayoutUITests.swift */,
				8426483C236BADFD00324CB9 /* Info.plist */,
			);
			path = spotifyAutoLayoutUITests;
			sourceTree = "<group>";
		};
/* End PBXGroup section */

/* Begin PBXNativeTarget section */
		84264816236BADFA00324CB9 /* spotifyAutoLayout */ = {
			isa = PBXNativeTarget;
			buildConfigurationList = 8426483F236BADFD00324CB9 /* Build configuration list for PBXNativeTarget "spotifyAutoLayout" */;
			buildPhases = (
				84264813236BADFA00324CB9 /* Sources */,
				84264814236BADFA00324CB9 /* Frameworks */,
				84264815236BADFA00324CB9 /* Resources */,
			);
			buildRules = (
			);
			dependencies = (
			);
			name = spotifyAutoLayout;
			productName = spotifyAutoLayout;
			productReference = 84264817236BADFA00324CB9 /* spotifyAutoLayout.app */;
			productType = "com.apple.product-type.application";
		};
		8426482A236BADFD00324CB9 /* spotifyAutoLayoutTests */ = {
			isa = PBXNativeTarget;
			buildConfigurationList = 84264842236BADFD00324CB9 /* Build configuration list for PBXNativeTarget "spotifyAutoLayoutTests" */;
			buildPhases = (
				84264827236BADFD00324CB9 /* Sources */,
				84264828236BADFD00324CB9 /* Frameworks */,
				84264829236BADFD00324CB9 /* Resources */,
			);
			buildRules = (
			);
			dependencies = (
				8426482D236BADFD00324CB9 /* PBXTargetDependency */,
			);
			name = spotifyAutoLayoutTests;
			productName = spotifyAutoLayoutTests;
			productReference = 8426482B236BADFD00324CB9 /* spotifyAutoLayoutTests.xctest */;
			productType = "com.apple.product-type.bundle.unit-test";
		};
		84264835236BADFD00324CB9 /* spotifyAutoLayoutUITests */ = {
			isa = PBXNativeTarget;
			buildConfigurationList = 84264845236BADFD00324CB9 /* Build configuration list for PBXNativeTarget "spotifyAutoLayoutUITests" */;
			buildPhases = (
				84264832236BADFD00324CB9 /* Sources */,
				84264833236BADFD00324CB9 /* Frameworks */,
				84264834236BADFD00324CB9 /* Resources */,
			);
			buildRules = (
			);
			dependencies = (
				84264838236BADFD00324CB9 /* PBXTargetDependency */,
			);
			name = spotifyAutoLayoutUITests;
			productName = spotifyAutoLayoutUITests;
			productReference = 84264836236BADFD00324CB9 /* spotifyAutoLayoutUITests.xctest */;
			productType = "com.apple.product-type.bundle.ui-testing";
		};
/* End PBXNativeTarget section */

/* Begin PBXProject section */
		8426480F236BADFA00324CB9 /* Project object */ = {
			isa = PBXProject;
			attributes = {
				LastSwiftUpdateCheck = 1020;
				LastUpgradeCheck = 1020;
				ORGANIZATIONNAME = "Said Hayani";
				TargetAttributes = {
					84264816236BADFA00324CB9 = {
						CreatedOnToolsVersion = 10.2.1;
					};
					8426482A236BADFD00324CB9 = {
						CreatedOnToolsVersion = 10.2.1;
						TestTargetID = 84264816236BADFA00324CB9;
					};
					84264835236BADFD00324CB9 = {
						CreatedOnToolsVersion = 10.2.1;
						TestTargetID = 84264816236BADFA00324CB9;
					};
				};
			};
			buildConfigurationList = 84264812236BADFA00324CB9 /* Build configuration list for PBXProject "spotifyAutoLayout" */;
			compatibilityVersion = "Xcode 9.3";
			developmentRegion = en;
			hasScannedForEncodings = 0;
			knownRegions = (
				en,
				Base,
			);
			mainGroup = 8426480E236BADFA00324CB9;
			productRefGroup = 84264818236BADFA00324CB9 /* Products */;
			projectDirPath = "";
			projectRoot = "";
			targets = (
				84264816236BADFA00324CB9 /* spotifyAutoLayout */,
				8426482A236BADFD00324CB9 /* spotifyAutoLayoutTests */,
				84264835236BADFD00324CB9 /* spotifyAutoLayoutUITests */,
			);
		};
/* End PBXProject section */

/* Begin PBXResourcesBuildPhase section */
		84264815236BADFA00324CB9 /* Resources */ = {
			isa = PBXResourcesBuildPhase;
			buildActionMask = 2147483647;
			files = (
				84264825236BADFD00324CB9 /* LaunchScreen.storyboard in Resources */,
				84079069239A360C003EBB50 /* data.json in Resources */,
				84264822236BADFD00324CB9 /* Assets.xcassets in Resources */,
				84264820236BADFA00324CB9 /* Main.storyboard in Resources */,
			);
			runOnlyForDeploymentPostprocessing = 0;
		};
		84264829236BADFD00324CB9 /* Resources */ = {
			isa = PBXResourcesBuildPhase;
			buildActionMask = 2147483647;
			files = (
			);
			runOnlyForDeploymentPostprocessing = 0;
		};
		84264834236BADFD00324CB9 /* Resources */ = {
			isa = PBXResourcesBuildPhase;
			buildActionMask = 2147483647;
			files = (
			);
			runOnlyForDeploymentPostprocessing = 0;
		};
/* End PBXResourcesBuildPhase section */

/* Begin PBXSourcesBuildPhase section */
		84264813236BADFA00324CB9 /* Sources */ = {
			isa = PBXSourcesBuildPhase;
			buildActionMask = 2147483647;
			files = (
				8426481D236BADFA00324CB9 /* ViewController.swift in Sources */,
				84264849236BE36E00324CB9 /* CustomCell.swift in Sources */,
				8426481B236BADFA00324CB9 /* AppDelegate.swift in Sources */,
				8407906D239A392C003EBB50 /* Section.swift in Sources */,
				84B37EB123963112002F20B3 /* SubCustomCell.swift in Sources */,
				8407906B239A37E2003EBB50 /* playlist.swift in Sources */,
			);
			runOnlyForDeploymentPostprocessing = 0;
		};
		84264827236BADFD00324CB9 /* Sources */ = {
			isa = PBXSourcesBuildPhase;
			buildActionMask = 2147483647;
			files = (
				84264830236BADFD00324CB9 /* spotifyAutoLayoutTests.swift in Sources */,
			);
			runOnlyForDeploymentPostprocessing = 0;
		};
		84264832236BADFD00324CB9 /* Sources */ = {
			isa = PBXSourcesBuildPhase;
			buildActionMask = 2147483647;
			files = (
				8426483B236BADFD00324CB9 /* spotifyAutoLayoutUITests.swift in Sources */,
			);
			runOnlyForDeploymentPostprocessing = 0;
		};
/* End PBXSourcesBuildPhase section */

/* Begin PBXTargetDependency section */
		8426482D236BADFD00324CB9 /* PBXTargetDependency */ = {
			isa = PBXTargetDependency;
			target = 84264816236BADFA00324CB9 /* spotifyAutoLayout */;
			targetProxy = 8426482C236BADFD00324CB9 /* PBXContainerItemProxy */;
		};
		84264838236BADFD00324CB9 /* PBXTargetDependency */ = {
			isa = PBXTargetDependency;
			target = 84264816236BADFA00324CB9 /* spotifyAutoLayout */;
			targetProxy = 84264837236BADFD00324CB9 /* PBXContainerItemProxy */;
		};
/* End PBXTargetDependency section */

/* Begin PBXVariantGroup section */
		8426481E236BADFA00324CB9 /* Main.storyboard */ = {
			isa = PBXVariantGroup;
			children = (
				8426481F236BADFA00324CB9 /* Base */,
			);
			name = Main.storyboard;
			sourceTree = "<group>";
		};
		84264823236BADFD00324CB9 /* LaunchScreen.storyboard */ = {
			isa = PBXVariantGroup;
			children = (
				84264824236BADFD00324CB9 /* Base */,
			);
			name = LaunchScreen.storyboard;
			sourceTree = "<group>";
		};
/* End PBXVariantGroup section */

/* Begin XCBuildConfiguration section */
		8426483D236BADFD00324CB9 /* Debug */ = {
			isa = XCBuildConfiguration;
			buildSettings = {
				ALWAYS_SEARCH_USER_PATHS = NO;
				CLANG_ANALYZER_NONNULL = YES;
				CLANG_ANALYZER_NUMBER_OBJECT_CONVERSION = YES_AGGRESSIVE;
				CLANG_CXX_LANGUAGE_STANDARD = "gnu++14";
				CLANG_CXX_LIBRARY = "libc++";
				CLANG_ENABLE_MODULES = YES;
				CLANG_ENABLE_OBJC_ARC = YES;
				CLANG_ENABLE_OBJC_WEAK = YES;
				CLANG_WARN_BLOCK_CAPTURE_AUTORELEASING = YES;
				CLANG_WARN_BOOL_CONVERSION = YES;
				CLANG_WARN_COMMA = YES;
				CLANG_WARN_CONSTANT_CONVERSION = YES;
				CLANG_WARN_DEPRECATED_OBJC_IMPLEMENTATIONS = YES;
				CLANG_WARN_DIRECT_OBJC_ISA_USAGE = YES_ERROR;
				CLANG_WARN_DOCUMENTATION_COMMENTS = YES;
				CLANG_WARN_EMPTY_BODY = YES;
				CLANG_WARN_ENUM_CONVERSION = YES;
				CLANG_WARN_INFINITE_RECURSION = YES;
				CLANG_WARN_INT_CONVERSION = YES;
				CLANG_WARN_NON_LITERAL_NULL_CONVERSION = YES;
				CLANG_WARN_OBJC_IMPLICIT_RETAIN_SELF = YES;
				CLANG_WARN_OBJC_LITERAL_CONVERSION = YES;
				CLANG_WARN_OBJC_ROOT_CLASS = YES_ERROR;
				CLANG_WARN_RANGE_LOOP_ANALYSIS = YES;
				CLANG_WARN_STRICT_PROTOTYPES = YES;
				CLANG_WARN_SUSPICIOUS_MOVE = YES;
				CLANG_WARN_UNGUARDED_AVAILABILITY = YES_AGGRESSIVE;
				CLANG_WARN_UNREACHABLE_CODE = YES;
				CLANG_WARN__DUPLICATE_METHOD_MATCH = YES;
				CODE_SIGN_IDENTITY = "iPhone Developer";
				COPY_PHASE_STRIP = NO;
				DEBUG_INFORMATION_FORMAT = dwarf;
				ENABLE_STRICT_OBJC_MSGSEND = YES;
				ENABLE_TESTABILITY = YES;
				GCC_C_LANGUAGE_STANDARD = gnu11;
				GCC_DYNAMIC_NO_PIC = NO;
				GCC_NO_COMMON_BLOCKS = YES;
				GCC_OPTIMIZATION_LEVEL = 0;
				GCC_PREPROCESSOR_DEFINITIONS = (
					"DEBUG=1",
					"$(inherited)",
				);
				GCC_WARN_64_TO_32_BIT_CONVERSION = YES;
				GCC_WARN_ABOUT_RETURN_TYPE = YES_ERROR;
				GCC_WARN_UNDECLARED_SELECTOR = YES;
				GCC_WARN_UNINITIALIZED_AUTOS = YES_AGGRESSIVE;
				GCC_WARN_UNUSED_FUNCTION = YES;
				GCC_WARN_UNUSED_VARIABLE = YES;
				IPHONEOS_DEPLOYMENT_TARGET = 12.2;
				MTL_ENABLE_DEBUG_INFO = INCLUDE_SOURCE;
				MTL_FAST_MATH = YES;
				ONLY_ACTIVE_ARCH = YES;
				SDKROOT = iphoneos;
				SWIFT_ACTIVE_COMPILATION_CONDITIONS = DEBUG;
				SWIFT_OPTIMIZATION_LEVEL = "-Onone";
			};
			name = Debug;
		};
		8426483E236BADFD00324CB9 /* Release */ = {
			isa = XCBuildConfiguration;
			buildSettings = {
				ALWAYS_SEARCH_USER_PATHS = NO;
				CLANG_ANALYZER_NONNULL = YES;
				CLANG_ANALYZER_NUMBER_OBJECT_CONVERSION = YES_AGGRESSIVE;
				CLANG_CXX_LANGUAGE_STANDARD = "gnu++14";
				CLANG_CXX_LIBRARY = "libc++";
				CLANG_ENABLE_MODULES = YES;
				CLANG_ENABLE_OBJC_ARC = YES;
				CLANG_ENABLE_OBJC_WEAK = YES;
				CLANG_WARN_BLOCK_CAPTURE_AUTORELEASING = YES;
				CLANG_WARN_BOOL_CONVERSION = YES;
				CLANG_WARN_COMMA = YES;
				CLANG_WARN_CONSTANT_CONVERSION = YES;
				CLANG_WARN_DEPRECATED_OBJC_IMPLEMENTATIONS = YES;
				CLANG_WARN_DIRECT_OBJC_ISA_USAGE = YES_ERROR;
				CLANG_WARN_DOCUMENTATION_COMMENTS = YES;
				CLANG_WARN_EMPTY_BODY = YES;
				CLANG_WARN_ENUM_CONVERSION = YES;
				CLANG_WARN_INFINITE_RECURSION = YES;
				CLANG_WARN_INT_CONVERSION = YES;
				CLANG_WARN_NON_LITERAL_NULL_CONVERSION = YES;
				CLANG_WARN_OBJC_IMPLICIT_RETAIN_SELF = YES;
				CLANG_WARN_OBJC_LITERAL_CONVERSION = YES;
				CLANG_WARN_OBJC_ROOT_CLASS = YES_ERROR;
				CLANG_WARN_RANGE_LOOP_ANALYSIS = YES;
				CLANG_WARN_STRICT_PROTOTYPES = YES;
				CLANG_WARN_SUSPICIOUS_MOVE = YES;
				CLANG_WARN_UNGUARDED_AVAILABILITY = YES_AGGRESSIVE;
				CLANG_WARN_UNREACHABLE_CODE = YES;
				CLANG_WARN__DUPLICATE_METHOD_MATCH = YES;
				CODE_SIGN_IDENTITY = "iPhone Developer";
				COPY_PHASE_STRIP = NO;
				DEBUG_INFORMATION_FORMAT = "dwarf-with-dsym";
				ENABLE_NS_ASSERTIONS = NO;
				ENABLE_STRICT_OBJC_MSGSEND = YES;
				GCC_C_LANGUAGE_STANDARD = gnu11;
				GCC_NO_COMMON_BLOCKS = YES;
				GCC_WARN_64_TO_32_BIT_CONVERSION = YES;
				GCC_WARN_ABOUT_RETURN_TYPE = YES_ERROR;
				GCC_WARN_UNDECLARED_SELECTOR = YES;
				GCC_WARN_UNINITIALIZED_AUTOS = YES_AGGRESSIVE;
				GCC_WARN_UNUSED_FUNCTION = YES;
				GCC_WARN_UNUSED_VARIABLE = YES;
				IPHONEOS_DEPLOYMENT_TARGET = 12.2;
				MTL_ENABLE_DEBUG_INFO = NO;
				MTL_FAST_MATH = YES;
				SDKROOT = iphoneos;
				SWIFT_COMPILATION_MODE = wholemodule;
				SWIFT_OPTIMIZATION_LEVEL = "-O";
				VALIDATE_PRODUCT = YES;
			};
			name = Release;
		};
		84264840236BADFD00324CB9 /* Debug */ = {
			isa = XCBuildConfiguration;
			buildSettings = {
				ASSETCATALOG_COMPILER_APPICON_NAME = AppIcon;
				CODE_SIGN_STYLE = Automatic;
				DEVELOPMENT_TEAM = Z4TZSLH736;
				INFOPLIST_FILE = spotifyAutoLayout/Info.plist;
				LD_RUNPATH_SEARCH_PATHS = (
					"$(inherited)",
					"@executable_path/Frameworks",
				);
				PRODUCT_BUNDLE_IDENTIFIER = saidhayani.spotifyAutoLayout;
				PRODUCT_NAME = "$(TARGET_NAME)";
				SWIFT_VERSION = 5.0;
				TARGETED_DEVICE_FAMILY = "1,2";
			};
			name = Debug;
		};
		84264841236BADFD00324CB9 /* Release */ = {
			isa = XCBuildConfiguration;
			buildSettings = {
				ASSETCATALOG_COMPILER_APPICON_NAME = AppIcon;
				CODE_SIGN_STYLE = Automatic;
				DEVELOPMENT_TEAM = Z4TZSLH736;
				INFOPLIST_FILE = spotifyAutoLayout/Info.plist;
				LD_RUNPATH_SEARCH_PATHS = (
					"$(inherited)",
					"@executable_path/Frameworks",
				);
				PRODUCT_BUNDLE_IDENTIFIER = saidhayani.spotifyAutoLayout;
				PRODUCT_NAME = "$(TARGET_NAME)";
				SWIFT_VERSION = 5.0;
				TARGETED_DEVICE_FAMILY = "1,2";
			};
			name = Release;
		};
		84264843236BADFD00324CB9 /* Debug */ = {
			isa = XCBuildConfiguration;
			buildSettings = {
				ALWAYS_EMBED_SWIFT_STANDARD_LIBRARIES = YES;
				BUNDLE_LOADER = "$(TEST_HOST)";
				CODE_SIGN_STYLE = Automatic;
				DEVELOPMENT_TEAM = Z4TZSLH736;
				INFOPLIST_FILE = spotifyAutoLayoutTests/Info.plist;
				LD_RUNPATH_SEARCH_PATHS = (
					"$(inherited)",
					"@executable_path/Frameworks",
					"@loader_path/Frameworks",
				);
				PRODUCT_BUNDLE_IDENTIFIER = saidhayani.spotifyAutoLayoutTests;
				PRODUCT_NAME = "$(TARGET_NAME)";
				SWIFT_VERSION = 5.0;
				TARGETED_DEVICE_FAMILY = "1,2";
				TEST_HOST = "$(BUILT_PRODUCTS_DIR)/spotifyAutoLayout.app/spotifyAutoLayout";
			};
			name = Debug;
		};
		84264844236BADFD00324CB9 /* Release */ = {
			isa = XCBuildConfiguration;
			buildSettings = {
				ALWAYS_EMBED_SWIFT_STANDARD_LIBRARIES = YES;
				BUNDLE_LOADER = "$(TEST_HOST)";
				CODE_SIGN_STYLE = Automatic;
				DEVELOPMENT_TEAM = Z4TZSLH736;
				INFOPLIST_FILE = spotifyAutoLayoutTests/Info.plist;
				LD_RUNPATH_SEARCH_PATHS = (
					"$(inherited)",
					"@executable_path/Frameworks",
					"@loader_path/Frameworks",
				);
				PRODUCT_BUNDLE_IDENTIFIER = saidhayani.spotifyAutoLayoutTests;
				PRODUCT_NAME = "$(TARGET_NAME)";
				SWIFT_VERSION = 5.0;
				TARGETED_DEVICE_FAMILY = "1,2";
				TEST_HOST = "$(BUILT_PRODUCTS_DIR)/spotifyAutoLayout.app/spotifyAutoLayout";
			};
			name = Release;
		};
		84264846236BADFD00324CB9 /* Debug */ = {
			isa = XCBuildConfiguration;
			buildSettings = {
				ALWAYS_EMBED_SWIFT_STANDARD_LIBRARIES = YES;
				CODE_SIGN_STYLE = Automatic;
				DEVELOPMENT_TEAM = Z4TZSLH736;
				INFOPLIST_FILE = spotifyAutoLayoutUITests/Info.plist;
				LD_RUNPATH_SEARCH_PATHS = (
					"$(inherited)",
					"@executable_path/Frameworks",
					"@loader_path/Frameworks",
				);
				PRODUCT_BUNDLE_IDENTIFIER = saidhayani.spotifyAutoLayoutUITests;
				PRODUCT_NAME = "$(TARGET_NAME)";
				SWIFT_VERSION = 5.0;
				TARGETED_DEVICE_FAMILY = "1,2";
				TEST_TARGET_NAME = spotifyAutoLayout;
			};
			name = Debug;
		};
		84264847236BADFD00324CB9 /* Release */ = {
			isa = XCBuildConfiguration;
			buildSettings = {
				ALWAYS_EMBED_SWIFT_STANDARD_LIBRARIES = YES;
				CODE_SIGN_STYLE = Automatic;
				DEVELOPMENT_TEAM = Z4TZSLH736;
				INFOPLIST_FILE = spotifyAutoLayoutUITests/Info.plist;
				LD_RUNPATH_SEARCH_PATHS = (
					"$(inherited)",
					"@executable_path/Frameworks",
					"@loader_path/Frameworks",
				);
				PRODUCT_BUNDLE_IDENTIFIER = saidhayani.spotifyAutoLayoutUITests;
				PRODUCT_NAME = "$(TARGET_NAME)";
				SWIFT_VERSION = 5.0;
				TARGETED_DEVICE_FAMILY = "1,2";
				TEST_TARGET_NAME = spotifyAutoLayout;
			};
			name = Release;
		};
/* End XCBuildConfiguration section */

/* Begin XCConfigurationList section */
		84264812236BADFA00324CB9 /* Build configuration list for PBXProject "spotifyAutoLayout" */ = {
			isa = XCConfigurationList;
			buildConfigurations = (
				8426483D236BADFD00324CB9 /* Debug */,
				8426483E236BADFD00324CB9 /* Release */,
			);
			defaultConfigurationIsVisible = 0;
			defaultConfigurationName = Release;
		};
		8426483F236BADFD00324CB9 /* Build configuration list for PBXNativeTarget "spotifyAutoLayout" */ = {
			isa = XCConfigurationList;
			buildConfigurations = (
				84264840236BADFD00324CB9 /* Debug */,
				84264841236BADFD00324CB9 /* Release */,
			);
			defaultConfigurationIsVisible = 0;
			defaultConfigurationName = Release;
		};
		84264842236BADFD00324CB9 /* Build configuration list for PBXNativeTarget "spotifyAutoLayoutTests" */ = {
			isa = XCConfigurationList;
			buildConfigurations = (
				84264843236BADFD00324CB9 /* Debug */,
				84264844236BADFD00324CB9 /* Release */,
			);
			defaultConfigurationIsVisible = 0;
			defaultConfigurationName = Release;
		};
		84264845236BADFD00324CB9 /* Build configuration list for PBXNativeTarget "spotifyAutoLayoutUITests" */ = {
			isa = XCConfigurationList;
			buildConfigurations = (
				84264846236BADFD00324CB9 /* Debug */,
				84264847236BADFD00324CB9 /* Release */,
			);
			defaultConfigurationIsVisible = 0;
			defaultConfigurationName = Release;
		};
/* End XCConfigurationList section */
	};
	rootObject = 8426480F236BADFA00324CB9 /* Project object */;
}
